
Microsoft Visual Studio Solution File, Format Version 12.00
# Visual Studio 15
VisualStudioVersion = 15.0.27004.2002
MinimumVisualStudioVersion = 10.0.40219.1
Project("{FAE04EC0-301F-11D3-BF4B-00C04F79EFBC}") = "WpfAppCalculator01", "WpfAppCalculator01\WpfAppCalculator01.csproj", "{5F89C53E-93DB-42C2-AA1A-2DDCF7C83C0F}"
EndProject
Global
	GlobalSection(SolutionConfigurationPlatforms) = preSolution
		Debug|Any CPU = Debug|Any CPU
		Release|Any CPU = Release|Any CPU
	EndGlobalSection
	GlobalSection(ProjectConfigurationPlatforms) = postSolution
		{5F89C53E-93DB-42C2-AA1A-2DDCF7C83C0F}.Debug|Any CPU.ActiveCfg = Debug|Any CPU
		{5F89C53E-93DB-42C2-AA1A-2DDCF7C83C0F}.Debug|Any CPU.Build.0 = Debug|Any CPU
		{5F89C53E-93DB-42C2-AA1A-2DDCF7C83C0F}.Release|Any CPU.ActiveCfg = Release|Any CPU
		{5F89C53E-93DB-42C2-AA1A-2DDCF7C83C0F}.Release|Any CPU.Build.0 = Release|Any CPU
	EndGlobalSection
	GlobalSection(SolutionProperties) = preSolution
		HideSolutionNode = FALSE
	EndGlobalSection
	GlobalSection(ExtensibilityGlobals) = postSolution
		SolutionGuid = {40BF5EB4-FE1F-4535-8673-77EE2B030577}
	EndGlobalSection
EndGlobal
